
Microsoft Visual Studio Solution File, Format Version 12.00
# Visual Studio Version 16
VisualStudioVersion = 16.0.30523.141
MinimumVisualStudioVersion = 10.0.40219.1
Project("{FAE04EC0-301F-11D3-BF4B-00C04F79EFBC}") = "Desktop", "Desktop\Desktop.csproj", "{1F1E2EF3-14E2-4A14-894A-A73600AA8F91}"
EndProject
Project("{9A19103F-16F7-4668-BE54-9A1E7A4F7556}") = "PrisonBack", "..\API\PrisonBack\PrisonBack.csproj", "{1F9FA87B-B7B1-4880-9471-AE873F03B9E1}"
EndProject
Global
	GlobalSection(SolutionConfigurationPlatforms) = preSolution
		Debug|Any CPU = Debug|Any CPU
		Release|Any CPU = Release|Any CPU
	EndGlobalSection
	GlobalSection(ProjectConfigurationPlatforms) = postSolution
		{1F1E2EF3-14E2-4A14-894A-A73600AA8F91}.Debug|Any CPU.ActiveCfg = Debug|Any CPU
		{1F1E2EF3-14E2-4A14-894A-A73600AA8F91}.Debug|Any CPU.Build.0 = Debug|Any CPU
		{1F1E2EF3-14E2-4A14-894A-A73600AA8F91}.Release|Any CPU.ActiveCfg = Release|Any CPU
		{1F1E2EF3-14E2-4A14-894A-A73600AA8F91}.Release|Any CPU.Build.0 = Release|Any CPU
		{1F9FA87B-B7B1-4880-9471-AE873F03B9E1}.Debug|Any CPU.ActiveCfg = Debug|Any CPU
		{1F9FA87B-B7B1-4880-9471-AE873F03B9E1}.Debug|Any CPU.Build.0 = Debug|Any CPU
		{1F9FA87B-B7B1-4880-9471-AE873F03B9E1}.Release|Any CPU.ActiveCfg = Release|Any CPU
		{1F9FA87B-B7B1-4880-9471-AE873F03B9E1}.Release|Any CPU.Build.0 = Release|Any CPU
	EndGlobalSection
	GlobalSection(SolutionProperties) = preSolution
		HideSolutionNode = FALSE
	EndGlobalSection
	GlobalSection(ExtensibilityGlobals) = postSolution
		SolutionGuid = {F447EB70-1A2B-491A-9B6F-DF0D157B7F7A}
	EndGlobalSection
EndGlobal
